
Microsoft Visual Studio Solution File, Format Version 12.00
# Visual Studio Version 17
VisualStudioVersion = 17.5.33516.290
MinimumVisualStudioVersion = 10.0.40219.1
Project("{FAE04EC0-301F-11D3-BF4B-00C04F79EFBC}") = "Lab_5_Thread", "Lab_5_Thread\Lab_5_Thread.csproj", "{265FFCF3-828A-4A87-9452-5DE54E201AF1}"
EndProject
Global
	GlobalSection(SolutionConfigurationPlatforms) = preSolution
		Debug|Any CPU = Debug|Any CPU
		Release|Any CPU = Release|Any CPU
	EndGlobalSection
	GlobalSection(ProjectConfigurationPlatforms) = postSolution
		{265FFCF3-828A-4A87-9452-5DE54E201AF1}.Debug|Any CPU.ActiveCfg = Debug|Any CPU
		{265FFCF3-828A-4A87-9452-5DE54E201AF1}.Debug|Any CPU.Build.0 = Debug|Any CPU
		{265FFCF3-828A-4A87-9452-5DE54E201AF1}.Release|Any CPU.ActiveCfg = Release|Any CPU
		{265FFCF3-828A-4A87-9452-5DE54E201AF1}.Release|Any CPU.Build.0 = Release|Any CPU
	EndGlobalSection
	GlobalSection(SolutionProperties) = preSolution
		HideSolutionNode = FALSE
	EndGlobalSection
	GlobalSection(ExtensibilityGlobals) = postSolution
		SolutionGuid = {AEA6254E-8A53-41C9-9B99-B51E2605F928}
	EndGlobalSection
EndGlobal
